
Microsoft Visual Studio Solution File, Format Version 12.00
# Visual Studio Version 17
VisualStudioVersion = 17.12.35707.178 d17.12
MinimumVisualStudioVersion = 10.0.40219.1
Project("{FAE04EC0-301F-11D3-BF4B-00C04F79EFBC}") = "BPLauncher", "BPLauncher.csproj", "{354F4A3F-50E2-4D39-9B1F-ED83A1295A6D}"
EndProject
Global
	GlobalSection(SolutionConfigurationPlatforms) = preSolution
		Debug|Any CPU = Debug|Any CPU
		Release|Any CPU = Release|Any CPU
	EndGlobalSection
	GlobalSection(ProjectConfigurationPlatforms) = postSolution
		{354F4A3F-50E2-4D39-9B1F-ED83A1295A6D}.Debug|Any CPU.ActiveCfg = Debug|Any CPU
		{354F4A3F-50E2-4D39-9B1F-ED83A1295A6D}.Debug|Any CPU.Build.0 = Debug|Any CPU
		{354F4A3F-50E2-4D39-9B1F-ED83A1295A6D}.Release|Any CPU.ActiveCfg = Release|Any CPU
		{354F4A3F-50E2-4D39-9B1F-ED83A1295A6D}.Release|Any CPU.Build.0 = Release|Any CPU
	EndGlobalSection
	GlobalSection(SolutionProperties) = preSolution
		HideSolutionNode = FALSE
	EndGlobalSection
EndGlobal
